
Microsoft Visual Studio Solution File, Format Version 12.00
# Visual Studio Version 17
VisualStudioVersion = 17.4.33205.214
MinimumVisualStudioVersion = 10.0.40219.1
Project("{FAE04EC0-301F-11D3-BF4B-00C04F79EFBC}") = "Homework1", "Homework1\Homework1.csproj", "{846BA012-1388-4120-B10E-B9C14A2C1D7F}"
EndProject
Global
	GlobalSection(SolutionConfigurationPlatforms) = preSolution
		Debug|Any CPU = Debug|Any CPU
		Release|Any CPU = Release|Any CPU
	EndGlobalSection
	GlobalSection(ProjectConfigurationPlatforms) = postSolution
		{846BA012-1388-4120-B10E-B9C14A2C1D7F}.Debug|Any CPU.ActiveCfg = Debug|Any CPU
		{846BA012-1388-4120-B10E-B9C14A2C1D7F}.Debug|Any CPU.Build.0 = Debug|Any CPU
		{846BA012-1388-4120-B10E-B9C14A2C1D7F}.Release|Any CPU.ActiveCfg = Release|Any CPU
		{846BA012-1388-4120-B10E-B9C14A2C1D7F}.Release|Any CPU.Build.0 = Release|Any CPU
	EndGlobalSection
	GlobalSection(SolutionProperties) = preSolution
		HideSolutionNode = FALSE
	EndGlobalSection
	GlobalSection(ExtensibilityGlobals) = postSolution
		SolutionGuid = {8C99EC23-039B-4B6C-B0FF-6E52A773F50D}
	EndGlobalSection
EndGlobal
